
Microsoft Visual Studio Solution File, Format Version 12.00
# Visual Studio Version 17
VisualStudioVersion = 17.7.34031.279
MinimumVisualStudioVersion = 10.0.40219.1
Project("{FAE04EC0-301F-11D3-BF4B-00C04F79EFBC}") = "Interpolation polynomials in the form Lagrange", "Interpolation polynomials in the form and Newton\Interpolation polynomials in the form Lagrange.csproj", "{23C9A882-119A-4611-9FBC-BCFCBABD0554}"
EndProject
Global
	GlobalSection(SolutionConfigurationPlatforms) = preSolution
		Debug|Any CPU = Debug|Any CPU
		Release|Any CPU = Release|Any CPU
	EndGlobalSection
	GlobalSection(ProjectConfigurationPlatforms) = postSolution
		{23C9A882-119A-4611-9FBC-BCFCBABD0554}.Debug|Any CPU.ActiveCfg = Debug|Any CPU
		{23C9A882-119A-4611-9FBC-BCFCBABD0554}.Debug|Any CPU.Build.0 = Debug|Any CPU
		{23C9A882-119A-4611-9FBC-BCFCBABD0554}.Release|Any CPU.ActiveCfg = Release|Any CPU
		{23C9A882-119A-4611-9FBC-BCFCBABD0554}.Release|Any CPU.Build.0 = Release|Any CPU
	EndGlobalSection
	GlobalSection(SolutionProperties) = preSolution
		HideSolutionNode = FALSE
	EndGlobalSection
	GlobalSection(ExtensibilityGlobals) = postSolution
		SolutionGuid = {688F5841-4CA2-4BD9-9025-40F59D8AB4C0}
	EndGlobalSection
EndGlobal
